
Microsoft Visual Studio Solution File, Format Version 12.00
# Visual Studio Version 17
VisualStudioVersion = 17.6.33723.286
MinimumVisualStudioVersion = 10.0.40219.1
Project("{9A19103F-16F7-4668-BE54-9A1E7A4F7556}") = "WebCWMS", "WebCWMS\WebCWMS.csproj", "{9B6B3468-2DD8-486D-8DEF-4511F19B06B4}"
EndProject
Global
	GlobalSection(SolutionConfigurationPlatforms) = preSolution
		Debug|Any CPU = Debug|Any CPU
		Release|Any CPU = Release|Any CPU
	EndGlobalSection
	GlobalSection(ProjectConfigurationPlatforms) = postSolution
		{9B6B3468-2DD8-486D-8DEF-4511F19B06B4}.Debug|Any CPU.ActiveCfg = Debug|Any CPU
		{9B6B3468-2DD8-486D-8DEF-4511F19B06B4}.Debug|Any CPU.Build.0 = Debug|Any CPU
		{9B6B3468-2DD8-486D-8DEF-4511F19B06B4}.Release|Any CPU.ActiveCfg = Release|Any CPU
		{9B6B3468-2DD8-486D-8DEF-4511F19B06B4}.Release|Any CPU.Build.0 = Release|Any CPU
	EndGlobalSection
	GlobalSection(SolutionProperties) = preSolution
		HideSolutionNode = FALSE
	EndGlobalSection
	GlobalSection(ExtensibilityGlobals) = postSolution
		SolutionGuid = {03127E12-6C19-4436-B6B2-4D6728B06CC2}
	EndGlobalSection
EndGlobal
